
Microsoft Visual Studio Solution File, Format Version 12.00
# Visual Studio Version 17
VisualStudioVersion = 17.13.35919.96 d17.13
MinimumVisualStudioVersion = 10.0.40219.1
Project("{FAE04EC0-301F-11D3-BF4B-00C04F79EFBC}") = "Chatbot1", "Chatbot1.csproj", "{6EF1FA0F-5EEC-4F43-AE8F-7DC10D9223BF}"
EndProject
Global
	GlobalSection(SolutionConfigurationPlatforms) = preSolution
		Debug|Any CPU = Debug|Any CPU
		Release|Any CPU = Release|Any CPU
	EndGlobalSection
	GlobalSection(ProjectConfigurationPlatforms) = postSolution
		{6EF1FA0F-5EEC-4F43-AE8F-7DC10D9223BF}.Debug|Any CPU.ActiveCfg = Debug|Any CPU
		{6EF1FA0F-5EEC-4F43-AE8F-7DC10D9223BF}.Debug|Any CPU.Build.0 = Debug|Any CPU
		{6EF1FA0F-5EEC-4F43-AE8F-7DC10D9223BF}.Release|Any CPU.ActiveCfg = Release|Any CPU
		{6EF1FA0F-5EEC-4F43-AE8F-7DC10D9223BF}.Release|Any CPU.Build.0 = Release|Any CPU
	EndGlobalSection
	GlobalSection(SolutionProperties) = preSolution
		HideSolutionNode = FALSE
	EndGlobalSection
	GlobalSection(ExtensibilityGlobals) = postSolution
		SolutionGuid = {1CE6911A-E12F-448E-904A-09264E7DB2C8}
	EndGlobalSection
EndGlobal
